
Microsoft Visual Studio Solution File, Format Version 12.00
# Visual Studio 15
VisualStudioVersion = 15.0.28307.421
MinimumVisualStudioVersion = 10.0.40219.1
Project("{FAE04EC0-301F-11D3-BF4B-00C04F79EFBC}") = "VisitorElecticZ", "VisitorElecticZ\VisitorElecticZ.csproj", "{EFDDD011-D054-4571-8AA6-08808EE166F1}"
EndProject
Global
	GlobalSection(SolutionConfigurationPlatforms) = preSolution
		Debug|Any CPU = Debug|Any CPU
		Release|Any CPU = Release|Any CPU
	EndGlobalSection
	GlobalSection(ProjectConfigurationPlatforms) = postSolution
		{EFDDD011-D054-4571-8AA6-08808EE166F1}.Debug|Any CPU.ActiveCfg = Debug|Any CPU
		{EFDDD011-D054-4571-8AA6-08808EE166F1}.Debug|Any CPU.Build.0 = Debug|Any CPU
		{EFDDD011-D054-4571-8AA6-08808EE166F1}.Release|Any CPU.ActiveCfg = Release|Any CPU
		{EFDDD011-D054-4571-8AA6-08808EE166F1}.Release|Any CPU.Build.0 = Release|Any CPU
	EndGlobalSection
	GlobalSection(SolutionProperties) = preSolution
		HideSolutionNode = FALSE
	EndGlobalSection
	GlobalSection(ExtensibilityGlobals) = postSolution
		SolutionGuid = {921B0C95-3F4C-4C8F-AA53-520C7B4642F5}
	EndGlobalSection
EndGlobal
